<?xml version="1.0" encoding="utf-8"?>
<Project ToolsVersion="4.0" xmlns="http://schemas.microsoft.com/developer/msbuild/2003">
  <ItemGroup>
    <Filter Include="源文件">
      <UniqueIdentifier>{4FC737F1-C7A5-4376-A066-2A32D752A2FF}</UniqueIdentifier>
      <Extensions>cpp;c;cc;cxx;def;odl;idl;hpj;bat;asm;asmx</Extensions>
    </Filter>
    <Filter Include="头文件">
      <UniqueIdentifier>{93995380-89BD-4b04-88EB-625FBE52EBFB}</UniqueIdentifier>
      <Extensions>h;hpp;hxx;hm;inl;inc;xsd</Extensions>
    </Filter>
    <Filter Include="资源文件">
      <UniqueIdentifier>{67DA6AB6-F800-4c08-8B7A-83BB121AAD01}</UniqueIdentifier>
      <Extensions>rc;ico;cur;bmp;dlg;rc2;rct;bin;rgs;gif;jpg;jpeg;jpe;resx;tiff;tif;png;wav;mfcribbon-ms</Extensions>
    </Filter>
    <Filter Include="ServerSocket">
      <UniqueIdentifier>{5e1d81a2-e1a0-4cfd-acfb-30505b7a02d8}</UniqueIdentifier>
    </Filter>
    <Filter Include="ServerCommon">
      <UniqueIdentifier>{c7eac643-80b7-4d1c-a41e-6afe61d4cb9b}</UniqueIdentifier>
    </Filter>
    <Filter Include="ServerLogic">
      <UniqueIdentifier>{9b7e2bf7-f692-47c3-81f1-852742aaf317}</UniqueIdentifier>
    </Filter>
    <Filter Include="ServerBase">
      <UniqueIdentifier>{aa79974c-f794-4713-895b-fdbef65300be}</UniqueIdentifier>
    </Filter>
  </ItemGroup>
  <ItemGroup>
    <Text Include="ReadMe.txt" />
  </ItemGroup>
  <ItemGroup>
    <ClInclude Include="stdafx.h">
      <Filter>头文件</Filter>
    </ClInclude>
    <ClInclude Include="targetver.h">
      <Filter>头文件</Filter>
    </ClInclude>
    <ClInclude Include="serversocket\ServerSocket.h">
      <Filter>ServerSocket</Filter>
    </ClInclude>
    <ClInclude Include="serversocket\ServerSocketDefine.h">
      <Filter>ServerSocket</Filter>
    </ClInclude>
    <ClInclude Include="ServerCommon\ServerCommon.h">
      <Filter>ServerCommon</Filter>
    </ClInclude>
    <ClInclude Include="ServerBase\ServerBase.h">
      <Filter>ServerBase</Filter>
    </ClInclude>
    <ClInclude Include="ServerLogic\ServerLogic.h">
      <Filter>ServerLogic</Filter>
    </ClInclude>
  </ItemGroup>
  <ItemGroup>
    <ClCompile Include="stdafx.cpp">
      <Filter>源文件</Filter>
    </ClCompile>
    <ClCompile Include="ServerFrame.cpp">
      <Filter>源文件</Filter>
    </ClCompile>
    <ClCompile Include="serversocket\ServerSocket.cpp">
      <Filter>ServerSocket</Filter>
    </ClCompile>
    <ClCompile Include="ServerCommon\ServerCommon.cpp">
      <Filter>ServerCommon</Filter>
    </ClCompile>
    <ClCompile Include="ServerBase\ServerBase.cpp">
      <Filter>ServerBase</Filter>
    </ClCompile>
    <ClCompile Include="ServerLogic\ServerLogic.cpp">
      <Filter>ServerLogic</Filter>
    </ClCompile>
  </ItemGroup>
</Project>